{
	"name": "harmony-3d",
	"version": "0.0.1",
	"lockfileVersion": 3,
	"requires": true,
	"packages": {
		"": {
			"name": "harmony-3d",
			"version": "1.0.0",
			"dependencies": {
				"@derschmale/io-rgbe": "github:baldurstod/io-rgbe",
				"gl-matrix": "^3.4.3",
				"harmony-binary-reader": "github:baldurstod/harmony-binary-reader",
				"harmony-browser-utils": "github:baldurstod/harmony-browser-utils",
				"harmony-fbx": "github:baldurstod/harmony-fbx",
				"harmony-svg": "github:baldurstod/harmony-svg",
				"harmony-ui": "github:baldurstod/harmony-ui",
				"harmony-utils": "github:baldurstod/harmony-utils",
				"meshoptimizer": "^0.21.0",
				"murmurhash-es6": "^1.0.0"
			},
			"devDependencies": {
				"@rollup/plugin-image": "^3.0.2",
				"@rollup/plugin-node-resolve": "^13.3.0",
				"@rollup/plugin-replace": "^3.0.0",
				"@rollup/plugin-typescript": "^11.1.6",
				"@rollup/plugin-wasm": "^5.1.2",
				"rollup-plugin-import-css": "^3.5.0",
				"rollup-plugin-web-worker-loader": "^1.6.1",
				"tslib": "^2.6.3"
			}
		},
		"node_modules/@derschmale/io-rgbe": {
			"version": "0.1.1",
			"resolved": "git+ssh://git@github.com/baldurstod/io-rgbe.git#bc6f21b62c50ddf698a457327e2397af95b9d862",
			"license": "MIT"
		},
		"node_modules/@rollup/plugin-image": {
			"version": "3.0.3",
			"resolved": "https://registry.npmjs.org/@rollup/plugin-image/-/plugin-image-3.0.3.tgz",
			"integrity": "sha512-qXWQwsXpvD4trSb8PeFPFajp8JLpRtqqOeNYRUKnEQNHm7e5UP7fuSRcbjQAJ7wDZBbnJvSdY5ujNBQd9B1iFg==",
			"dev": true,
			"dependencies": {
				"@rollup/pluginutils": "^5.0.1",
				"mini-svg-data-uri": "^1.4.4"
			},
			"engines": {
				"node": ">=14.0.0"
			},
			"peerDependencies": {
				"rollup": "^1.20.0||^2.0.0||^3.0.0||^4.0.0"
			},
			"peerDependenciesMeta": {
				"rollup": {
					"optional": true
				}
			}
		},
		"node_modules/@rollup/plugin-node-resolve": {
			"version": "13.3.0",
			"resolved": "https://registry.npmjs.org/@rollup/plugin-node-resolve/-/plugin-node-resolve-13.3.0.tgz",
			"integrity": "sha512-Lus8rbUo1eEcnS4yTFKLZrVumLPY+YayBdWXgFSHYhTT2iJbMhoaaBL3xl5NCdeRytErGr8tZ0L71BMRmnlwSw==",
			"dev": true,
			"dependencies": {
				"@rollup/pluginutils": "^3.1.0",
				"@types/resolve": "1.17.1",
				"deepmerge": "^4.2.2",
				"is-builtin-module": "^3.1.0",
				"is-module": "^1.0.0",
				"resolve": "^1.19.0"
			},
			"engines": {
				"node": ">= 10.0.0"
			},
			"peerDependencies": {
				"rollup": "^2.42.0"
			}
		},
		"node_modules/@rollup/plugin-node-resolve/node_modules/@rollup/pluginutils": {
			"version": "3.1.0",
			"resolved": "https://registry.npmjs.org/@rollup/pluginutils/-/pluginutils-3.1.0.tgz",
			"integrity": "sha512-GksZ6pr6TpIjHm8h9lSQ8pi8BE9VeubNT0OMJ3B5uZJ8pz73NPiqOtCog/x2/QzM1ENChPKxMDhiQuRHsqc+lg==",
			"dev": true,
			"dependencies": {
				"@types/estree": "0.0.39",
				"estree-walker": "^1.0.1",
				"picomatch": "^2.2.2"
			},
			"engines": {
				"node": ">= 8.0.0"
			},
			"peerDependencies": {
				"rollup": "^1.20.0||^2.0.0"
			}
		},
		"node_modules/@rollup/plugin-node-resolve/node_modules/@types/estree": {
			"version": "0.0.39",
			"resolved": "https://registry.npmjs.org/@types/estree/-/estree-0.0.39.tgz",
			"integrity": "sha512-EYNwp3bU+98cpU4lAWYYL7Zz+2gryWH1qbdDTidVd6hkiR6weksdbMadyXKXNPEkQFhXM+hVO9ZygomHXp+AIw==",
			"dev": true
		},
		"node_modules/@rollup/plugin-node-resolve/node_modules/estree-walker": {
			"version": "1.0.1",
			"resolved": "https://registry.npmjs.org/estree-walker/-/estree-walker-1.0.1.tgz",
			"integrity": "sha512-1fMXF3YP4pZZVozF8j/ZLfvnR8NSIljt56UhbZ5PeeDmmGHpgpdwQt7ITlGvYaQukCvuBRMLEiKiYC+oeIg4cg==",
			"dev": true
		},
		"node_modules/@rollup/plugin-replace": {
			"version": "3.1.0",
			"resolved": "https://registry.npmjs.org/@rollup/plugin-replace/-/plugin-replace-3.1.0.tgz",
			"integrity": "sha512-pA3XRUrSKybVYqmH5TqWNZpGxF+VV+1GrYchKgCNIj2vsSOX7CVm2RCtx8p2nrC7xvkziYyK+lSi74T93MU3YA==",
			"dev": true,
			"dependencies": {
				"@rollup/pluginutils": "^3.1.0",
				"magic-string": "^0.25.7"
			},
			"peerDependencies": {
				"rollup": "^1.20.0 || ^2.0.0"
			}
		},
		"node_modules/@rollup/plugin-replace/node_modules/@rollup/pluginutils": {
			"version": "3.1.0",
			"resolved": "https://registry.npmjs.org/@rollup/pluginutils/-/pluginutils-3.1.0.tgz",
			"integrity": "sha512-GksZ6pr6TpIjHm8h9lSQ8pi8BE9VeubNT0OMJ3B5uZJ8pz73NPiqOtCog/x2/QzM1ENChPKxMDhiQuRHsqc+lg==",
			"dev": true,
			"dependencies": {
				"@types/estree": "0.0.39",
				"estree-walker": "^1.0.1",
				"picomatch": "^2.2.2"
			},
			"engines": {
				"node": ">= 8.0.0"
			},
			"peerDependencies": {
				"rollup": "^1.20.0||^2.0.0"
			}
		},
		"node_modules/@rollup/plugin-replace/node_modules/@types/estree": {
			"version": "0.0.39",
			"resolved": "https://registry.npmjs.org/@types/estree/-/estree-0.0.39.tgz",
			"integrity": "sha512-EYNwp3bU+98cpU4lAWYYL7Zz+2gryWH1qbdDTidVd6hkiR6weksdbMadyXKXNPEkQFhXM+hVO9ZygomHXp+AIw==",
			"dev": true
		},
		"node_modules/@rollup/plugin-replace/node_modules/estree-walker": {
			"version": "1.0.1",
			"resolved": "https://registry.npmjs.org/estree-walker/-/estree-walker-1.0.1.tgz",
			"integrity": "sha512-1fMXF3YP4pZZVozF8j/ZLfvnR8NSIljt56UhbZ5PeeDmmGHpgpdwQt7ITlGvYaQukCvuBRMLEiKiYC+oeIg4cg==",
			"dev": true
		},
		"node_modules/@rollup/plugin-typescript": {
			"version": "11.1.6",
			"resolved": "https://registry.npmjs.org/@rollup/plugin-typescript/-/plugin-typescript-11.1.6.tgz",
			"integrity": "sha512-R92yOmIACgYdJ7dJ97p4K69I8gg6IEHt8M7dUBxN3W6nrO8uUxX5ixl0yU/N3aZTi8WhPuICvOHXQvF6FaykAA==",
			"dev": true,
			"dependencies": {
				"@rollup/pluginutils": "^5.1.0",
				"resolve": "^1.22.1"
			},
			"engines": {
				"node": ">=14.0.0"
			},
			"peerDependencies": {
				"rollup": "^2.14.0||^3.0.0||^4.0.0",
				"tslib": "*",
				"typescript": ">=3.7.0"
			},
			"peerDependenciesMeta": {
				"rollup": {
					"optional": true
				},
				"tslib": {
					"optional": true
				}
			}
		},
		"node_modules/@rollup/plugin-wasm": {
			"version": "5.2.0",
			"resolved": "https://registry.npmjs.org/@rollup/plugin-wasm/-/plugin-wasm-5.2.0.tgz",
			"integrity": "sha512-PR3ff67ls2Kr9H04pZ24wJYPZq0YV+UHySpk7OuAJxyc7o5Q8NHFdwi4pfMtJkJkqfN1/QY/nq46SoRDoDvK2w==",
			"dev": true,
			"engines": {
				"node": ">=10.0.0"
			},
			"peerDependencies": {
				"rollup": "^1.20.0 || ^2.0.0"
			}
		},
		"node_modules/@rollup/pluginutils": {
			"version": "5.1.0",
			"resolved": "https://registry.npmjs.org/@rollup/pluginutils/-/pluginutils-5.1.0.tgz",
			"integrity": "sha512-XTIWOPPcpvyKI6L1NHo0lFlCyznUEyPmPY1mc3KpPVDYulHSTvyeLNVW00QTLIAFNhR3kYnJTQHeGqU4M3n09g==",
			"dev": true,
			"dependencies": {
				"@types/estree": "^1.0.0",
				"estree-walker": "^2.0.2",
				"picomatch": "^2.3.1"
			},
			"engines": {
				"node": ">=14.0.0"
			},
			"peerDependencies": {
				"rollup": "^1.20.0||^2.0.0||^3.0.0||^4.0.0"
			},
			"peerDependenciesMeta": {
				"rollup": {
					"optional": true
				}
			}
		},
		"node_modules/@types/estree": {
			"version": "1.0.3",
			"resolved": "https://registry.npmjs.org/@types/estree/-/estree-1.0.3.tgz",
			"integrity": "sha512-CS2rOaoQ/eAgAfcTfq6amKG7bsN+EMcgGY4FAFQdvSj2y1ixvOZTUA9mOtCai7E1SYu283XNw7urKK30nP3wkQ==",
			"dev": true
		},
		"node_modules/@types/node": {
			"version": "20.8.9",
			"resolved": "https://registry.npmjs.org/@types/node/-/node-20.8.9.tgz",
			"integrity": "sha512-UzykFsT3FhHb1h7yD4CA4YhBHq545JC0YnEz41xkipN88eKQtL6rSgocL5tbAP6Ola9Izm/Aw4Ora8He4x0BHg==",
			"dev": true,
			"dependencies": {
				"undici-types": "~5.26.4"
			}
		},
		"node_modules/@types/resolve": {
			"version": "1.17.1",
			"resolved": "https://registry.npmjs.org/@types/resolve/-/resolve-1.17.1.tgz",
			"integrity": "sha512-yy7HuzQhj0dhGpD8RLXSZWEkLsV9ibvxvi6EiJ3bkqLAO1RGo0WbkWQiwpRlSFymTJRz0d3k5LM3kkx8ArDbLw==",
			"dev": true,
			"dependencies": {
				"@types/node": "*"
			}
		},
		"node_modules/builtin-modules": {
			"version": "3.3.0",
			"resolved": "https://registry.npmjs.org/builtin-modules/-/builtin-modules-3.3.0.tgz",
			"integrity": "sha512-zhaCDicdLuWN5UbN5IMnFqNMhNfo919sH85y2/ea+5Yg9TsTkeZxpL+JLbp6cgYFS4sRLp3YV4S6yDuqVWHYOw==",
			"dev": true,
			"engines": {
				"node": ">=6"
			},
			"funding": {
				"url": "https://github.com/sponsors/sindresorhus"
			}
		},
		"node_modules/deepmerge": {
			"version": "4.3.1",
			"resolved": "https://registry.npmjs.org/deepmerge/-/deepmerge-4.3.1.tgz",
			"integrity": "sha512-3sUqbMEc77XqpdNO7FRyRog+eW3ph+GYCbj+rK+uYyRMuwsVy0rMiVtPn+QJlKFvWP/1PYpapqYn0Me2knFn+A==",
			"dev": true,
			"engines": {
				"node": ">=0.10.0"
			}
		},
		"node_modules/estree-walker": {
			"version": "2.0.2",
			"resolved": "https://registry.npmjs.org/estree-walker/-/estree-walker-2.0.2.tgz",
			"integrity": "sha512-Rfkk/Mp/DL7JVje3u18FxFujQlTNR2q6QfMSMB7AvCBx91NGj/ba3kCfza0f6dVDbw7YlRf/nDrn7pQrCCyQ/w==",
			"dev": true
		},
		"node_modules/fsevents": {
			"version": "2.3.3",
			"resolved": "https://registry.npmjs.org/fsevents/-/fsevents-2.3.3.tgz",
			"integrity": "sha512-5xoDfX+fL7faATnagmWPpbFtwh/R77WmMMqqHGS65C3vvB0YHrgF+B1YmZ3441tMj5n63k0212XNoJwzlhffQw==",
			"dev": true,
			"hasInstallScript": true,
			"optional": true,
			"os": [
				"darwin"
			],
			"peer": true,
			"engines": {
				"node": "^8.16.0 || ^10.6.0 || >=11.0.0"
			}
		},
		"node_modules/function-bind": {
			"version": "1.1.2",
			"resolved": "https://registry.npmjs.org/function-bind/-/function-bind-1.1.2.tgz",
			"integrity": "sha512-7XHNxH7qX9xG5mIwxkhumTox/MIRNcOgDrxWsMt2pAr23WHp6MrRlN7FBSFpCpr+oVO0F744iUgR82nJMfG2SA==",
			"dev": true,
			"funding": {
				"url": "https://github.com/sponsors/ljharb"
			}
		},
		"node_modules/gl-matrix": {
			"version": "3.4.3",
			"resolved": "https://registry.npmjs.org/gl-matrix/-/gl-matrix-3.4.3.tgz",
			"integrity": "sha512-wcCp8vu8FT22BnvKVPjXa/ICBWRq/zjFfdofZy1WSpQZpphblv12/bOQLBC1rMM7SGOFS9ltVmKOHil5+Ml7gA=="
		},
		"node_modules/harmony-binary-reader": {
			"version": "0.0.1",
			"resolved": "git+ssh://git@github.com/baldurstod/harmony-binary-reader.git#26e246d15a11829c36cc42247f7f371b59d3530b"
		},
		"node_modules/harmony-browser-utils": {
			"version": "1.0.0",
			"resolved": "git+ssh://git@github.com/baldurstod/harmony-browser-utils.git#f15cd8583185f041a82e72b5597d5851df5c481e",
			"dependencies": {
				"harmony-svg": "github:baldurstod/harmony-svg",
				"harmony-ui": "github:baldurstod/harmony-ui"
			}
		},
		"node_modules/harmony-fbx": {
			"version": "0.0.1",
			"resolved": "git+ssh://git@github.com/baldurstod/harmony-fbx.git#6777e22751fbee6e5ac2507bdcaff92d86069743",
			"dependencies": {
				"gl-matrix": "^3.4.3",
				"harmony-binary-reader": "github:baldurstod/harmony-binary-reader",
				"pako": "^2.1.0"
			}
		},
		"node_modules/harmony-svg": {
			"version": "0.0.1",
			"resolved": "git+ssh://git@github.com/baldurstod/harmony-svg.git#f4ebd73a763876de25409286078f056ae20f972a"
		},
		"node_modules/harmony-ui": {
			"version": "1.0.0",
			"resolved": "git+ssh://git@github.com/baldurstod/harmony-ui.git#1e542185fc647e87e97fe7770af2dbaa0d1081f1",
			"dependencies": {
				"harmony-svg": "github:baldurstod/harmony-svg"
			}
		},
		"node_modules/harmony-utils": {
			"version": "0.0.1",
			"resolved": "git+ssh://git@github.com/baldurstod/harmony-utils.git#d19f8bbd3ad07aca454c16d9a372a32407abe12b"
		},
		"node_modules/hasown": {
			"version": "2.0.0",
			"resolved": "https://registry.npmjs.org/hasown/-/hasown-2.0.0.tgz",
			"integrity": "sha512-vUptKVTpIJhcczKBbgnS+RtcuYMB8+oNzPK2/Hp3hanz8JmpATdmmgLgSaadVREkDm+e2giHwY3ZRkyjSIDDFA==",
			"dev": true,
			"dependencies": {
				"function-bind": "^1.1.2"
			},
			"engines": {
				"node": ">= 0.4"
			}
		},
		"node_modules/is-builtin-module": {
			"version": "3.2.1",
			"resolved": "https://registry.npmjs.org/is-builtin-module/-/is-builtin-module-3.2.1.tgz",
			"integrity": "sha512-BSLE3HnV2syZ0FK0iMA/yUGplUeMmNz4AW5fnTunbCIqZi4vG3WjJT9FHMy5D69xmAYBHXQhJdALdpwVxV501A==",
			"dev": true,
			"dependencies": {
				"builtin-modules": "^3.3.0"
			},
			"engines": {
				"node": ">=6"
			},
			"funding": {
				"url": "https://github.com/sponsors/sindresorhus"
			}
		},
		"node_modules/is-core-module": {
			"version": "2.13.1",
			"resolved": "https://registry.npmjs.org/is-core-module/-/is-core-module-2.13.1.tgz",
			"integrity": "sha512-hHrIjvZsftOsvKSn2TRYl63zvxsgE0K+0mYMoH6gD4omR5IWB2KynivBQczo3+wF1cCkjzvptnI9Q0sPU66ilw==",
			"dev": true,
			"dependencies": {
				"hasown": "^2.0.0"
			},
			"funding": {
				"url": "https://github.com/sponsors/ljharb"
			}
		},
		"node_modules/is-module": {
			"version": "1.0.0",
			"resolved": "https://registry.npmjs.org/is-module/-/is-module-1.0.0.tgz",
			"integrity": "sha512-51ypPSPCoTEIN9dy5Oy+h4pShgJmPCygKfyRCISBI+JoWT/2oJvK8QPxmwv7b/p239jXrm9M1mlQbyKJ5A152g==",
			"dev": true
		},
		"node_modules/magic-string": {
			"version": "0.25.9",
			"resolved": "https://registry.npmjs.org/magic-string/-/magic-string-0.25.9.tgz",
			"integrity": "sha512-RmF0AsMzgt25qzqqLc1+MbHmhdx0ojF2Fvs4XnOqz2ZOBXzzkEwc/dJQZCYHAn7v1jbVOjAZfK8msRn4BxO4VQ==",
			"dev": true,
			"dependencies": {
				"sourcemap-codec": "^1.4.8"
			}
		},
		"node_modules/meshoptimizer": {
			"version": "0.21.0",
			"resolved": "https://registry.npmjs.org/meshoptimizer/-/meshoptimizer-0.21.0.tgz",
			"integrity": "sha512-WabtlpnK/GgD0GMwYd1fBTfYHf4MIcQPEg6dt7y4GuDcY51RzLSkSNE8ZogD7U3Vs2/fIf4z89TOLpA80EOnhg=="
		},
		"node_modules/mini-svg-data-uri": {
			"version": "1.4.4",
			"resolved": "https://registry.npmjs.org/mini-svg-data-uri/-/mini-svg-data-uri-1.4.4.tgz",
			"integrity": "sha512-r9deDe9p5FJUPZAk3A59wGH7Ii9YrjjWw0jmw/liSbHl2CHiyXj6FcDXDu2K3TjVAXqiJdaw3xxwlZZr9E6nHg==",
			"dev": true,
			"bin": {
				"mini-svg-data-uri": "cli.js"
			}
		},
		"node_modules/murmurhash-es6": {
			"version": "1.0.0",
			"resolved": "https://registry.npmjs.org/murmurhash-es6/-/murmurhash-es6-1.0.0.tgz",
			"integrity": "sha512-BMn9tq84ORCJZBmcZ/Fsyk6ZreVI7N/LDWskUE18zFMoDEdq2/+FwnYddBvo5UTF0imrhaX4ERsl2ccHUpw9mw=="
		},
		"node_modules/pako": {
			"version": "2.1.0",
			"resolved": "https://registry.npmjs.org/pako/-/pako-2.1.0.tgz",
			"integrity": "sha512-w+eufiZ1WuJYgPXbV/PO3NCMEc3xqylkKHzp8bxp1uW4qaSNQUkwmLLEc3kKsfz8lpV1F8Ht3U1Cm+9Srog2ug=="
		},
		"node_modules/path-parse": {
			"version": "1.0.7",
			"resolved": "https://registry.npmjs.org/path-parse/-/path-parse-1.0.7.tgz",
			"integrity": "sha512-LDJzPVEEEPR+y48z93A0Ed0yXb8pAByGWo/k5YYdYgpY2/2EsOsksJrq7lOHxryrVOn1ejG6oAp8ahvOIQD8sw==",
			"dev": true
		},
		"node_modules/picomatch": {
			"version": "2.3.1",
			"resolved": "https://registry.npmjs.org/picomatch/-/picomatch-2.3.1.tgz",
			"integrity": "sha512-JU3teHTNjmE2VCGFzuY8EXzCDVwEqB2a8fsIvwaStHhAWJEeVd1o1QD80CU6+ZdEXXSLbSsuLwJjkCBWqRQUVA==",
			"dev": true,
			"engines": {
				"node": ">=8.6"
			},
			"funding": {
				"url": "https://github.com/sponsors/jonschlinkert"
			}
		},
		"node_modules/resolve": {
			"version": "1.22.8",
			"resolved": "https://registry.npmjs.org/resolve/-/resolve-1.22.8.tgz",
			"integrity": "sha512-oKWePCxqpd6FlLvGV1VU0x7bkPmmCNolxzjMf4NczoDnQcIWrAF+cPtZn5i6n+RfD2d9i0tzpKnG6Yk168yIyw==",
			"dev": true,
			"dependencies": {
				"is-core-module": "^2.13.0",
				"path-parse": "^1.0.7",
				"supports-preserve-symlinks-flag": "^1.0.0"
			},
			"bin": {
				"resolve": "bin/resolve"
			},
			"funding": {
				"url": "https://github.com/sponsors/ljharb"
			}
		},
		"node_modules/rollup": {
			"version": "2.79.1",
			"resolved": "https://registry.npmjs.org/rollup/-/rollup-2.79.1.tgz",
			"integrity": "sha512-uKxbd0IhMZOhjAiD5oAFp7BqvkA4Dv47qpOCtaNvng4HBwdbWtdOh8f5nZNuk2rp51PMGk3bzfWu5oayNEuYnw==",
			"dev": true,
			"peer": true,
			"bin": {
				"rollup": "dist/bin/rollup"
			},
			"engines": {
				"node": ">=10.0.0"
			},
			"optionalDependencies": {
				"fsevents": "~2.3.2"
			}
		},
		"node_modules/rollup-plugin-import-css": {
			"version": "3.5.0",
			"resolved": "https://registry.npmjs.org/rollup-plugin-import-css/-/rollup-plugin-import-css-3.5.0.tgz",
			"integrity": "sha512-JOVow6n00qt2C/NnsqPmIjFOfxIAudwWqC5SaC84CodMGiMFaP1gPAdgnJ8g8hcG+P85TCYp2kI98grYCEt5pg==",
			"dev": true,
			"dependencies": {
				"@rollup/pluginutils": "^5.0.4"
			},
			"engines": {
				"node": ">=16"
			},
			"peerDependencies": {
				"rollup": "^2.x.x || ^3.x.x || ^4.x.x"
			}
		},
		"node_modules/rollup-plugin-web-worker-loader": {
			"version": "1.6.1",
			"resolved": "https://registry.npmjs.org/rollup-plugin-web-worker-loader/-/rollup-plugin-web-worker-loader-1.6.1.tgz",
			"integrity": "sha512-4QywQSz1NXFHKdyiou16mH3ijpcfLtLGOrAqvAqu1Gx+P8+zj+3gwC2BSL/VW1d+LW4nIHC8F7d7OXhs9UdR2A==",
			"dev": true,
			"peerDependencies": {
				"rollup": "^1.9.2 || ^2.0.0"
			}
		},
		"node_modules/sourcemap-codec": {
			"version": "1.4.8",
			"resolved": "https://registry.npmjs.org/sourcemap-codec/-/sourcemap-codec-1.4.8.tgz",
			"integrity": "sha512-9NykojV5Uih4lgo5So5dtw+f0JgJX30KCNI8gwhz2J9A15wD0Ml6tjHKwf6fTSa6fAdVBdZeNOs9eJ71qCk8vA==",
			"deprecated": "Please use @jridgewell/sourcemap-codec instead",
			"dev": true
		},
		"node_modules/supports-preserve-symlinks-flag": {
			"version": "1.0.0",
			"resolved": "https://registry.npmjs.org/supports-preserve-symlinks-flag/-/supports-preserve-symlinks-flag-1.0.0.tgz",
			"integrity": "sha512-ot0WnXS9fgdkgIcePe6RHNk1WA8+muPa6cSjeR3V8K27q9BB1rTE3R1p7Hv0z1ZyAc8s6Vvv8DIyWf681MAt0w==",
			"dev": true,
			"engines": {
				"node": ">= 0.4"
			},
			"funding": {
				"url": "https://github.com/sponsors/ljharb"
			}
		},
		"node_modules/tslib": {
			"version": "2.6.3",
			"resolved": "https://registry.npmjs.org/tslib/-/tslib-2.6.3.tgz",
			"integrity": "sha512-xNvxJEOUiWPGhUuUdQgAJPKOOJfGnIyKySOc09XkKsgdUV/3E2zvwZYdejjmRgPCgcym1juLH3226yA7sEFJKQ==",
			"dev": true
		},
		"node_modules/typescript": {
			"version": "5.5.4",
			"resolved": "https://registry.npmjs.org/typescript/-/typescript-5.5.4.tgz",
			"integrity": "sha512-Mtq29sKDAEYP7aljRgtPOpTvOfbwRWlS6dPRzwjdE+C0R4brX/GUyhHSecbHMFLNBLcJIPt9nl9yG5TZ1weH+Q==",
			"dev": true,
			"peer": true,
			"bin": {
				"tsc": "bin/tsc",
				"tsserver": "bin/tsserver"
			},
			"engines": {
				"node": ">=14.17"
			}
		},
		"node_modules/undici-types": {
			"version": "5.26.5",
			"resolved": "https://registry.npmjs.org/undici-types/-/undici-types-5.26.5.tgz",
			"integrity": "sha512-JlCMO+ehdEIKqlFxk6IfVoAUVmgz7cU7zD/h9XZ0qzeosSHmUJVOzSQvvYSYWXkFXC+IfLKSIffhv0sVZup6pA==",
			"dev": true
		}
	}
}
